
Microsoft Visual Studio Solution File, Format Version 12.00
# Visual Studio Version 17
VisualStudioVersion = 17.0.32126.317
MinimumVisualStudioVersion = 10.0.40219.1
Project("{FAE04EC0-301F-11D3-BF4B-00C04F79EFBC}") = "Assignment 1_CSharp_RPGCharacters", "Assignment 1_CSharp_RPGCharacters\Assignment 1_CSharp_RPGCharacters.csproj", "{229BB4FE-ACA9-4CE4-BD08-6228E45C8587}"
EndProject
Global
	GlobalSection(SolutionConfigurationPlatforms) = preSolution
		Debug|Any CPU = Debug|Any CPU
		Release|Any CPU = Release|Any CPU
	EndGlobalSection
	GlobalSection(ProjectConfigurationPlatforms) = postSolution
		{229BB4FE-ACA9-4CE4-BD08-6228E45C8587}.Debug|Any CPU.ActiveCfg = Debug|Any CPU
		{229BB4FE-ACA9-4CE4-BD08-6228E45C8587}.Debug|Any CPU.Build.0 = Debug|Any CPU
		{229BB4FE-ACA9-4CE4-BD08-6228E45C8587}.Release|Any CPU.ActiveCfg = Release|Any CPU
		{229BB4FE-ACA9-4CE4-BD08-6228E45C8587}.Release|Any CPU.Build.0 = Release|Any CPU
	EndGlobalSection
	GlobalSection(SolutionProperties) = preSolution
		HideSolutionNode = FALSE
	EndGlobalSection
	GlobalSection(ExtensibilityGlobals) = postSolution
		SolutionGuid = {EAAD69DC-CAA8-43A2-A465-15E3FC5F75D5}
	EndGlobalSection
EndGlobal
