
Microsoft Visual Studio Solution File, Format Version 12.00
# Visual Studio Version 17
VisualStudioVersion = 17.0.32126.317
MinimumVisualStudioVersion = 10.0.40219.1
Project("{FAE04EC0-301F-11D3-BF4B-00C04F79EFBC}") = "RPGChar_Test", "RPGChar_Test\RPGChar_Test.csproj", "{7763DB10-21F8-4685-8BEE-8D4A2CC97BE0}"
EndProject
Global
	GlobalSection(SolutionConfigurationPlatforms) = preSolution
		Debug|Any CPU = Debug|Any CPU
		Release|Any CPU = Release|Any CPU
	EndGlobalSection
	GlobalSection(ProjectConfigurationPlatforms) = postSolution
		{7763DB10-21F8-4685-8BEE-8D4A2CC97BE0}.Debug|Any CPU.ActiveCfg = Debug|Any CPU
		{7763DB10-21F8-4685-8BEE-8D4A2CC97BE0}.Debug|Any CPU.Build.0 = Debug|Any CPU
		{7763DB10-21F8-4685-8BEE-8D4A2CC97BE0}.Release|Any CPU.ActiveCfg = Release|Any CPU
		{7763DB10-21F8-4685-8BEE-8D4A2CC97BE0}.Release|Any CPU.Build.0 = Release|Any CPU
	EndGlobalSection
	GlobalSection(SolutionProperties) = preSolution
		HideSolutionNode = FALSE
	EndGlobalSection
	GlobalSection(ExtensibilityGlobals) = postSolution
		SolutionGuid = {DCBB6E84-970C-4B5D-8159-21039BBF51FA}
	EndGlobalSection
EndGlobal
